
Microsoft Visual Studio Solution File, Format Version 12.00
# Visual Studio Version 16
VisualStudioVersion = 16.0.31911.196
MinimumVisualStudioVersion = 10.0.40219.1
Project("{FAE04EC0-301F-11D3-BF4B-00C04F79EFBC}") = "RGR1", "RGR1\RGR1.csproj", "{F8FFCAD8-9FCB-4492-BEC1-3BE7170C37F9}"
EndProject
Global
	GlobalSection(SolutionConfigurationPlatforms) = preSolution
		Debug|Any CPU = Debug|Any CPU
		Release|Any CPU = Release|Any CPU
	EndGlobalSection
	GlobalSection(ProjectConfigurationPlatforms) = postSolution
		{F8FFCAD8-9FCB-4492-BEC1-3BE7170C37F9}.Debug|Any CPU.ActiveCfg = Debug|Any CPU
		{F8FFCAD8-9FCB-4492-BEC1-3BE7170C37F9}.Debug|Any CPU.Build.0 = Debug|Any CPU
		{F8FFCAD8-9FCB-4492-BEC1-3BE7170C37F9}.Release|Any CPU.ActiveCfg = Release|Any CPU
		{F8FFCAD8-9FCB-4492-BEC1-3BE7170C37F9}.Release|Any CPU.Build.0 = Release|Any CPU
	EndGlobalSection
	GlobalSection(SolutionProperties) = preSolution
		HideSolutionNode = FALSE
	EndGlobalSection
	GlobalSection(ExtensibilityGlobals) = postSolution
		SolutionGuid = {4032E766-C081-4896-B83F-E3E134844076}
	EndGlobalSection
EndGlobal
